
Microsoft Visual Studio Solution File, Format Version 12.00
# Visual Studio 15
VisualStudioVersion = 15.0.26430.13
MinimumVisualStudioVersion = 10.0.40219.1
Project("{FAE04EC0-301F-11D3-BF4B-00C04F79EFBC}") = "Spo.WebTest", "Spo.WebTest\Spo.WebTest.csproj", "{067D77B8-D84B-494D-A0A7-394C35F12931}"
EndProject
Project("{2150E333-8FDC-42A3-9474-1A3956D46DE8}") = "Solution Items", "Solution Items", "{599D125A-739F-4E29-AEF9-91602C83A467}"
	ProjectSection(SolutionItems) = preProject
		Local.testsettings = Local.testsettings
	EndProjectSection
EndProject
Global
	GlobalSection(SolutionConfigurationPlatforms) = preSolution
		Debug|Any CPU = Debug|Any CPU
		Release|Any CPU = Release|Any CPU
	EndGlobalSection
	GlobalSection(ProjectConfigurationPlatforms) = postSolution
		{067D77B8-D84B-494D-A0A7-394C35F12931}.Debug|Any CPU.ActiveCfg = Debug|Any CPU
		{067D77B8-D84B-494D-A0A7-394C35F12931}.Debug|Any CPU.Build.0 = Debug|Any CPU
		{067D77B8-D84B-494D-A0A7-394C35F12931}.Release|Any CPU.ActiveCfg = Release|Any CPU
		{067D77B8-D84B-494D-A0A7-394C35F12931}.Release|Any CPU.Build.0 = Release|Any CPU
	EndGlobalSection
	GlobalSection(SolutionProperties) = preSolution
		HideSolutionNode = FALSE
	EndGlobalSection
EndGlobal
